// !$*UTF8*$!
{
	archiveVersion = 1;
	classes = {
	};
	objectVersion = 51;
	objects = {

/* Begin PBXBuildFile section */
		3D44BFB126FB4AE600D9D9CF /* TestViewModel.swift in Sources */ = {isa = PBXBuildFile; fileRef = 3D44BFB026FB4AE600D9D9CF /* TestViewModel.swift */; };
		3D44BFB326FB7DB300D9D9CF /* UIComponents.swift in Sources */ = {isa = PBXBuildFile; fileRef = 3D44BFB226FB7DB300D9D9CF /* UIComponents.swift */; };
		3D44BFB526FB7E5900D9D9CF /* TodoDetailViewController.swift in Sources */ = {isa = PBXBuildFile; fileRef = 3D44BFB426FB7E5900D9D9CF /* TodoDetailViewController.swift */; };
		3D44BFB726FB7F3100D9D9CF /* TodoDetailViewModel.swift in Sources */ = {isa = PBXBuildFile; fileRef = 3D44BFB626FB7F3100D9D9CF /* TodoDetailViewModel.swift */; };
		3D44BFB926FC0EFD00D9D9CF /* TestHeader.swift in Sources */ = {isa = PBXBuildFile; fileRef = 3D44BFB826FC0EFD00D9D9CF /* TestHeader.swift */; };
		3D44BFC126FC3B8200D9D9CF /* TestTableViewController.swift in Sources */ = {isa = PBXBuildFile; fileRef = 3D44BFC026FC3B8200D9D9CF /* TestTableViewController.swift */; };
		3D4B685327099D5300D9BFDF /* CalendarViewModel.swift in Sources */ = {isa = PBXBuildFile; fileRef = 3D4B685227099D5300D9BFDF /* CalendarViewModel.swift */; };
		3D76C95B26F756DA008F6E3B /* Todo.swift in Sources */ = {isa = PBXBuildFile; fileRef = 3D76C95A26F756DA008F6E3B /* Todo.swift */; };
		3D76C95D26F756FD008F6E3B /* TodoViewModel.swift in Sources */ = {isa = PBXBuildFile; fileRef = 3D76C95C26F756FD008F6E3B /* TodoViewModel.swift */; };
		3D76C95F26F7570D008F6E3B /* TodoListViewController.swift in Sources */ = {isa = PBXBuildFile; fileRef = 3D76C95E26F7570D008F6E3B /* TodoListViewController.swift */; };
		3D76C96126F75723008F6E3B /* TodoListHeaderView.swift in Sources */ = {isa = PBXBuildFile; fileRef = 3D76C96026F75723008F6E3B /* TodoListHeaderView.swift */; };
		3D76C96326F7573D008F6E3B /* TodoListCell.swift in Sources */ = {isa = PBXBuildFile; fileRef = 3D76C96226F7573D008F6E3B /* TodoListCell.swift */; };
		3D76C96526F759B4008F6E3B /* Alamofire+Rx.swift in Sources */ = {isa = PBXBuildFile; fileRef = 3D76C96426F759B4008F6E3B /* Alamofire+Rx.swift */; };
		3D76C96726F75A9B008F6E3B /* withoutRxVC.swift in Sources */ = {isa = PBXBuildFile; fileRef = 3D76C96626F75A9B008F6E3B /* withoutRxVC.swift */; };
		3D76C96926F75DC4008F6E3B /* ObservableTest.swift in Sources */ = {isa = PBXBuildFile; fileRef = 3D76C96826F75DC4008F6E3B /* ObservableTest.swift */; };
		3D76C96B26F75DEF008F6E3B /* NetworkCallTest.swift in Sources */ = {isa = PBXBuildFile; fileRef = 3D76C96A26F75DEF008F6E3B /* NetworkCallTest.swift */; };
		3D76C96D26F75E18008F6E3B /* ObservableViewModel.swift in Sources */ = {isa = PBXBuildFile; fileRef = 3D76C96C26F75E18008F6E3B /* ObservableViewModel.swift */; };
		3D76C97026F75E67008F6E3B /* dependencyTest.swift in Sources */ = {isa = PBXBuildFile; fileRef = 3D76C96F26F75E67008F6E3B /* dependencyTest.swift */; };
		3D79ADEF26F7477A008F0CE0 /* AppDelegate.swift in Sources */ = {isa = PBXBuildFile; fileRef = 3D79ADEE26F7477A008F0CE0 /* AppDelegate.swift */; };
		3D79ADF126F7477A008F0CE0 /* SceneDelegate.swift in Sources */ = {isa = PBXBuildFile; fileRef = 3D79ADF026F7477A008F0CE0 /* SceneDelegate.swift */; };
		3D79ADF626F7477A008F0CE0 /* Main.storyboard in Resources */ = {isa = PBXBuildFile; fileRef = 3D79ADF426F7477A008F0CE0 /* Main.storyboard */; };
		3D79ADF926F7477A008F0CE0 /* RxMVVMTodoList.xcdatamodeld in Sources */ = {isa = PBXBuildFile; fileRef = 3D79ADF726F7477A008F0CE0 /* RxMVVMTodoList.xcdatamodeld */; };
		3D79ADFB26F7477B008F0CE0 /* Assets.xcassets in Resources */ = {isa = PBXBuildFile; fileRef = 3D79ADFA26F7477B008F0CE0 /* Assets.xcassets */; };
		3D79ADFE26F7477B008F0CE0 /* LaunchScreen.storyboard in Resources */ = {isa = PBXBuildFile; fileRef = 3D79ADFC26F7477B008F0CE0 /* LaunchScreen.storyboard */; };
		3D9E103F2706EDB70091DFA3 /* RegisterTodoViewModel.swift in Sources */ = {isa = PBXBuildFile; fileRef = 3D9E103E2706EDB70091DFA3 /* RegisterTodoViewModel.swift */; };
		3DB7C9352704301D007CCAB8 /* RegisterTodoViewController.swift in Sources */ = {isa = PBXBuildFile; fileRef = 3DB7C9342704301D007CCAB8 /* RegisterTodoViewController.swift */; };
		3DB7C93A270436A5007CCAB8 /* Calendar.swift in Sources */ = {isa = PBXBuildFile; fileRef = 3DB7C939270436A5007CCAB8 /* Calendar.swift */; };
		3DB7C93E27045E71007CCAB8 /* CalendarViewController.swift in Sources */ = {isa = PBXBuildFile; fileRef = 3DB7C93D27045E71007CCAB8 /* CalendarViewController.swift */; };
		3DC7F663270593C10038F5A8 /* Date.swift in Sources */ = {isa = PBXBuildFile; fileRef = 3DC7F662270593C10038F5A8 /* Date.swift */; };
		3DC7F6672705A06F0038F5A8 /* garbage.swift in Sources */ = {isa = PBXBuildFile; fileRef = 3DC7F6662705A06F0038F5A8 /* garbage.swift */; };
		3DD5583C26FC3FC7000778D4 /* TestTableViewCell.swift in Sources */ = {isa = PBXBuildFile; fileRef = 3DD5583B26FC3FC7000778D4 /* TestTableViewCell.swift */; };
		56D5DCE45921F20885D76211 /* Pods_RxMVVMTodoList.framework in Frameworks */ = {isa = PBXBuildFile; fileRef = 5E8703E70AD41C58EE3CCB9C /* Pods_RxMVVMTodoList.framework */; };
/* End PBXBuildFile section */

/* Begin PBXFileReference section */
		3D44BFB026FB4AE600D9D9CF /* TestViewModel.swift */ = {isa = PBXFileReference; lastKnownFileType = sourcecode.swift; path = TestViewModel.swift; sourceTree = "<group>"; };
		3D44BFB226FB7DB300D9D9CF /* UIComponents.swift */ = {isa = PBXFileReference; lastKnownFileType = sourcecode.swift; path = UIComponents.swift; sourceTree = "<group>"; };
		3D44BFB426FB7E5900D9D9CF /* TodoDetailViewController.swift */ = {isa = PBXFileReference; lastKnownFileType = sourcecode.swift; path = TodoDetailViewController.swift; sourceTree = "<group>"; };
		3D44BFB626FB7F3100D9D9CF /* TodoDetailViewModel.swift */ = {isa = PBXFileReference; lastKnownFileType = sourcecode.swift; path = TodoDetailViewModel.swift; sourceTree = "<group>"; };
		3D44BFB826FC0EFD00D9D9CF /* TestHeader.swift */ = {isa = PBXFileReference; lastKnownFileType = sourcecode.swift; path = TestHeader.swift; sourceTree = "<group>"; };
		3D44BFC026FC3B8200D9D9CF /* TestTableViewController.swift */ = {isa = PBXFileReference; lastKnownFileType = sourcecode.swift; path = TestTableViewController.swift; sourceTree = "<group>"; };
		3D4B685227099D5300D9BFDF /* CalendarViewModel.swift */ = {isa = PBXFileReference; lastKnownFileType = sourcecode.swift; path = CalendarViewModel.swift; sourceTree = "<group>"; };
		3D76C95A26F756DA008F6E3B /* Todo.swift */ = {isa = PBXFileReference; lastKnownFileType = sourcecode.swift; path = Todo.swift; sourceTree = "<group>"; };
		3D76C95C26F756FD008F6E3B /* TodoViewModel.swift */ = {isa = PBXFileReference; lastKnownFileType = sourcecode.swift; path = TodoViewModel.swift; sourceTree = "<group>"; };
		3D76C95E26F7570D008F6E3B /* TodoListViewController.swift */ = {isa = PBXFileReference; lastKnownFileType = sourcecode.swift; path = TodoListViewController.swift; sourceTree = "<group>"; };
		3D76C96026F75723008F6E3B /* TodoListHeaderView.swift */ = {isa = PBXFileReference; lastKnownFileType = sourcecode.swift; path = TodoListHeaderView.swift; sourceTree = "<group>"; };
		3D76C96226F7573D008F6E3B /* TodoListCell.swift */ = {isa = PBXFileReference; lastKnownFileType = sourcecode.swift; path = TodoListCell.swift; sourceTree = "<group>"; };
		3D76C96426F759B4008F6E3B /* Alamofire+Rx.swift */ = {isa = PBXFileReference; lastKnownFileType = sourcecode.swift; path = "Alamofire+Rx.swift"; sourceTree = "<group>"; };
		3D76C96626F75A9B008F6E3B /* withoutRxVC.swift */ = {isa = PBXFileReference; lastKnownFileType = sourcecode.swift; path = withoutRxVC.swift; sourceTree = "<group>"; };
		3D76C96826F75DC4008F6E3B /* ObservableTest.swift */ = {isa = PBXFileReference; lastKnownFileType = sourcecode.swift; path = ObservableTest.swift; sourceTree = "<group>"; };
		3D76C96A26F75DEF008F6E3B /* NetworkCallTest.swift */ = {isa = PBXFileReference; lastKnownFileType = sourcecode.swift; path = NetworkCallTest.swift; sourceTree = "<group>"; };
		3D76C96C26F75E18008F6E3B /* ObservableViewModel.swift */ = {isa = PBXFileReference; lastKnownFileType = sourcecode.swift; path = ObservableViewModel.swift; sourceTree = "<group>"; };
		3D76C96F26F75E67008F6E3B /* dependencyTest.swift */ = {isa = PBXFileReference; lastKnownFileType = sourcecode.swift; path = dependencyTest.swift; sourceTree = "<group>"; };
		3D79ADEB26F7477A008F0CE0 /* RxMVVMTodoList.app */ = {isa = PBXFileReference; explicitFileType = wrapper.application; includeInIndex = 0; path = RxMVVMTodoList.app; sourceTree = BUILT_PRODUCTS_DIR; };
		3D79ADEE26F7477A008F0CE0 /* AppDelegate.swift */ = {isa = PBXFileReference; lastKnownFileType = sourcecode.swift; path = AppDelegate.swift; sourceTree = "<group>"; };
		3D79ADF026F7477A008F0CE0 /* SceneDelegate.swift */ = {isa = PBXFileReference; lastKnownFileType = sourcecode.swift; path = SceneDelegate.swift; sourceTree = "<group>"; };
		3D79ADF526F7477A008F0CE0 /* Base */ = {isa = PBXFileReference; lastKnownFileType = file.storyboard; name = Base; path = Base.lproj/Main.storyboard; sourceTree = "<group>"; };
		3D79ADF826F7477A008F0CE0 /* RxMVVMTodoList.xcdatamodel */ = {isa = PBXFileReference; lastKnownFileType = wrapper.xcdatamodel; path = RxMVVMTodoList.xcdatamodel; sourceTree = "<group>"; };
		3D79ADFA26F7477B008F0CE0 /* Assets.xcassets */ = {isa = PBXFileReference; lastKnownFileType = folder.assetcatalog; path = Assets.xcassets; sourceTree = "<group>"; };
		3D79ADFD26F7477B008F0CE0 /* Base */ = {isa = PBXFileReference; lastKnownFileType = file.storyboard; name = Base; path = Base.lproj/LaunchScreen.storyboard; sourceTree = "<group>"; };
		3D79ADFF26F7477B008F0CE0 /* Info.plist */ = {isa = PBXFileReference; lastKnownFileType = text.plist.xml; path = Info.plist; sourceTree = "<group>"; };
		3D9E103E2706EDB70091DFA3 /* RegisterTodoViewModel.swift */ = {isa = PBXFileReference; lastKnownFileType = sourcecode.swift; path = RegisterTodoViewModel.swift; sourceTree = "<group>"; };
		3DB7C9342704301D007CCAB8 /* RegisterTodoViewController.swift */ = {isa = PBXFileReference; lastKnownFileType = sourcecode.swift; path = RegisterTodoViewController.swift; sourceTree = "<group>"; };
		3DB7C939270436A5007CCAB8 /* Calendar.swift */ = {isa = PBXFileReference; lastKnownFileType = sourcecode.swift; path = Calendar.swift; sourceTree = "<group>"; };
		3DB7C93D27045E71007CCAB8 /* CalendarViewController.swift */ = {isa = PBXFileReference; lastKnownFileType = sourcecode.swift; path = CalendarViewController.swift; sourceTree = "<group>"; };
		3DC7F662270593C10038F5A8 /* Date.swift */ = {isa = PBXFileReference; lastKnownFileType = sourcecode.swift; path = Date.swift; sourceTree = "<group>"; };
		3DC7F6662705A06F0038F5A8 /* garbage.swift */ = {isa = PBXFileReference; lastKnownFileType = sourcecode.swift; path = garbage.swift; sourceTree = "<group>"; };
		3DD5583B26FC3FC7000778D4 /* TestTableViewCell.swift */ = {isa = PBXFileReference; lastKnownFileType = sourcecode.swift; path = TestTableViewCell.swift; sourceTree = "<group>"; };
		442BA42B5A2744F0AA3A4155 /* Pods-RxMVVMTodoList.release.xcconfig */ = {isa = PBXFileReference; includeInIndex = 1; lastKnownFileType = text.xcconfig; name = "Pods-RxMVVMTodoList.release.xcconfig"; path = "Target Support Files/Pods-RxMVVMTodoList/Pods-RxMVVMTodoList.release.xcconfig"; sourceTree = "<group>"; };
		5E8703E70AD41C58EE3CCB9C /* Pods_RxMVVMTodoList.framework */ = {isa = PBXFileReference; explicitFileType = wrapper.framework; includeInIndex = 0; path = Pods_RxMVVMTodoList.framework; sourceTree = BUILT_PRODUCTS_DIR; };
		C2A21EB2BD5D645C9DD62BC9 /* Pods-RxMVVMTodoList.debug.xcconfig */ = {isa = PBXFileReference; includeInIndex = 1; lastKnownFileType = text.xcconfig; name = "Pods-RxMVVMTodoList.debug.xcconfig"; path = "Target Support Files/Pods-RxMVVMTodoList/Pods-RxMVVMTodoList.debug.xcconfig"; sourceTree = "<group>"; };
/* End PBXFileReference section */

/* Begin PBXFrameworksBuildPhase section */
		3D79ADE826F7477A008F0CE0 /* Frameworks */ = {
			isa = PBXFrameworksBuildPhase;
			buildActionMask = 2147483647;
			files = (
				56D5DCE45921F20885D76211 /* Pods_RxMVVMTodoList.framework in Frameworks */,
			);
			runOnlyForDeploymentPostprocessing = 0;
		};
/* End PBXFrameworksBuildPhase section */

/* Begin PBXGroup section */
		1793D90C9C44C30EAAF03C67 /* Frameworks */ = {
			isa = PBXGroup;
			children = (
				5E8703E70AD41C58EE3CCB9C /* Pods_RxMVVMTodoList.framework */,
			);
			name = Frameworks;
			sourceTree = "<group>";
		};
		3D76C95626F7567B008F6E3B /* ViewController */ = {
			isa = PBXGroup;
			children = (
				3D79ADF426F7477A008F0CE0 /* Main.storyboard */,
				3D44BFB426FB7E5900D9D9CF /* TodoDetailViewController.swift */,
				3D76C95E26F7570D008F6E3B /* TodoListViewController.swift */,
				3D76C96226F7573D008F6E3B /* TodoListCell.swift */,
				3DB7C9342704301D007CCAB8 /* RegisterTodoViewController.swift */,
				3DB7C93D27045E71007CCAB8 /* CalendarViewController.swift */,
			);
			path = ViewController;
			sourceTree = "<group>";
		};
		3D76C95726F75686008F6E3B /* ViewModel */ = {
			isa = PBXGroup;
			children = (
				3D44BFB626FB7F3100D9D9CF /* TodoDetailViewModel.swift */,
				3D76C95C26F756FD008F6E3B /* TodoViewModel.swift */,
				3D9E103E2706EDB70091DFA3 /* RegisterTodoViewModel.swift */,
			);
			path = ViewModel;
			sourceTree = "<group>";
		};
		3D76C95826F75690008F6E3B /* Model */ = {
			isa = PBXGroup;
			children = (
				3D76C95A26F756DA008F6E3B /* Todo.swift */,
				3DB7C939270436A5007CCAB8 /* Calendar.swift */,
			);
			path = Model;
			sourceTree = "<group>";
		};
		3D76C95926F75696008F6E3B /* NetworkService */ = {
			isa = PBXGroup;
			children = (
				3D76C96426F759B4008F6E3B /* Alamofire+Rx.swift */,
			);
			path = NetworkService;
			sourceTree = "<group>";
		};
		3D76C96E26F75E36008F6E3B /* Test */ = {
			isa = PBXGroup;
			children = (
				3D76C96C26F75E18008F6E3B /* ObservableViewModel.swift */,
				3D76C96826F75DC4008F6E3B /* ObservableTest.swift */,
				3D76C96A26F75DEF008F6E3B /* NetworkCallTest.swift */,
				3D76C96F26F75E67008F6E3B /* dependencyTest.swift */,
				3D44BFB026FB4AE600D9D9CF /* TestViewModel.swift */,
				3D44BFC026FC3B8200D9D9CF /* TestTableViewController.swift */,
				3DD5583B26FC3FC7000778D4 /* TestTableViewCell.swift */,
				3D76C96026F75723008F6E3B /* TodoListHeaderView.swift */,
				3D76C96626F75A9B008F6E3B /* withoutRxVC.swift */,
				3D44BFB826FC0EFD00D9D9CF /* TestHeader.swift */,
				3DC7F6662705A06F0038F5A8 /* garbage.swift */,
				3D4B685227099D5300D9BFDF /* CalendarViewModel.swift */,
			);
			path = Test;
			sourceTree = "<group>";
		};
		3D79ADE226F7477A008F0CE0 = {
			isa = PBXGroup;
			children = (
				3D79ADED26F7477A008F0CE0 /* RxMVVMTodoList */,
				3D79ADEC26F7477A008F0CE0 /* Products */,
				D67AA4B12086E4230E43115B /* Pods */,
				1793D90C9C44C30EAAF03C67 /* Frameworks */,
			);
			sourceTree = "<group>";
		};
		3D79ADEC26F7477A008F0CE0 /* Products */ = {
			isa = PBXGroup;
			children = (
				3D79ADEB26F7477A008F0CE0 /* RxMVVMTodoList.app */,
			);
			name = Products;
			sourceTree = "<group>";
		};
		3D79ADED26F7477A008F0CE0 /* RxMVVMTodoList */ = {
			isa = PBXGroup;
			children = (
				3D76C96E26F75E36008F6E3B /* Test */,
				3DC7F661270593B30038F5A8 /* Extention */,
				3D76C95926F75696008F6E3B /* NetworkService */,
				3D76C95826F75690008F6E3B /* Model */,
				3D76C95726F75686008F6E3B /* ViewModel */,
				3D76C95626F7567B008F6E3B /* ViewController */,
				3D79ADEE26F7477A008F0CE0 /* AppDelegate.swift */,
				3D79ADF026F7477A008F0CE0 /* SceneDelegate.swift */,
				3D79ADFA26F7477B008F0CE0 /* Assets.xcassets */,
				3D79ADFC26F7477B008F0CE0 /* LaunchScreen.storyboard */,
				3D79ADFF26F7477B008F0CE0 /* Info.plist */,
				3D79ADF726F7477A008F0CE0 /* RxMVVMTodoList.xcdatamodeld */,
				3D44BFB226FB7DB300D9D9CF /* UIComponents.swift */,
			);
			path = RxMVVMTodoList;
			sourceTree = "<group>";
		};
		3DC7F661270593B30038F5A8 /* Extention */ = {
			isa = PBXGroup;
			children = (
				3DC7F662270593C10038F5A8 /* Date.swift */,
			);
			path = Extention;
			sourceTree = "<group>";
		};
		D67AA4B12086E4230E43115B /* Pods */ = {
			isa = PBXGroup;
			children = (
				C2A21EB2BD5D645C9DD62BC9 /* Pods-RxMVVMTodoList.debug.xcconfig */,
				442BA42B5A2744F0AA3A4155 /* Pods-RxMVVMTodoList.release.xcconfig */,
			);
			path = Pods;
			sourceTree = "<group>";
		};
/* End PBXGroup section */

/* Begin PBXNativeTarget section */
		3D79ADEA26F7477A008F0CE0 /* RxMVVMTodoList */ = {
			isa = PBXNativeTarget;
			buildConfigurationList = 3D79AE0226F7477B008F0CE0 /* Build configuration list for PBXNativeTarget "RxMVVMTodoList" */;
			buildPhases = (
				3AA81D2085F898CDAC8A458F /* [CP] Check Pods Manifest.lock */,
				3D79ADE726F7477A008F0CE0 /* Sources */,
				3D79ADE826F7477A008F0CE0 /* Frameworks */,
				3D79ADE926F7477A008F0CE0 /* Resources */,
				523B2FD3A32620F9EB5820FF /* [CP] Embed Pods Frameworks */,
			);
			buildRules = (
			);
			dependencies = (
			);
			name = RxMVVMTodoList;
			productName = RxMVVMTodoList;
			productReference = 3D79ADEB26F7477A008F0CE0 /* RxMVVMTodoList.app */;
			productType = "com.apple.product-type.application";
		};
/* End PBXNativeTarget section */

/* Begin PBXProject section */
		3D79ADE326F7477A008F0CE0 /* Project object */ = {
			isa = PBXProject;
			attributes = {
				LastSwiftUpdateCheck = 1250;
				LastUpgradeCheck = 1250;
				TargetAttributes = {
					3D79ADEA26F7477A008F0CE0 = {
						CreatedOnToolsVersion = 12.5.1;
					};
				};
			};
			buildConfigurationList = 3D79ADE626F7477A008F0CE0 /* Build configuration list for PBXProject "RxMVVMTodoList" */;
			compatibilityVersion = "Xcode 9.3";
			developmentRegion = en;
			hasScannedForEncodings = 0;
			knownRegions = (
				en,
				Base,
			);
			mainGroup = 3D79ADE226F7477A008F0CE0;
			productRefGroup = 3D79ADEC26F7477A008F0CE0 /* Products */;
			projectDirPath = "";
			projectRoot = "";
			targets = (
				3D79ADEA26F7477A008F0CE0 /* RxMVVMTodoList */,
			);
		};
/* End PBXProject section */

/* Begin PBXResourcesBuildPhase section */
		3D79ADE926F7477A008F0CE0 /* Resources */ = {
			isa = PBXResourcesBuildPhase;
			buildActionMask = 2147483647;
			files = (
				3D79ADFE26F7477B008F0CE0 /* LaunchScreen.storyboard in Resources */,
				3D79ADFB26F7477B008F0CE0 /* Assets.xcassets in Resources */,
				3D79ADF626F7477A008F0CE0 /* Main.storyboard in Resources */,
			);
			runOnlyForDeploymentPostprocessing = 0;
		};
/* End PBXResourcesBuildPhase section */

/* Begin PBXShellScriptBuildPhase section */
		3AA81D2085F898CDAC8A458F /* [CP] Check Pods Manifest.lock */ = {
			isa = PBXShellScriptBuildPhase;
			buildActionMask = 2147483647;
			files = (
			);
			inputFileListPaths = (
			);
			inputPaths = (
				"${PODS_PODFILE_DIR_PATH}/Podfile.lock",
				"${PODS_ROOT}/Manifest.lock",
			);
			name = "[CP] Check Pods Manifest.lock";
			outputFileListPaths = (
			);
			outputPaths = (
				"$(DERIVED_FILE_DIR)/Pods-RxMVVMTodoList-checkManifestLockResult.txt",
			);
			runOnlyForDeploymentPostprocessing = 0;
			shellPath = /bin/sh;
			shellScript = "diff \"${PODS_PODFILE_DIR_PATH}/Podfile.lock\" \"${PODS_ROOT}/Manifest.lock\" > /dev/null\nif [ $? != 0 ] ; then\n    # print error to STDERR\n    echo \"error: The sandbox is not in sync with the Podfile.lock. Run 'pod install' or update your CocoaPods installation.\" >&2\n    exit 1\nfi\n# This output is used by Xcode 'outputs' to avoid re-running this script phase.\necho \"SUCCESS\" > \"${SCRIPT_OUTPUT_FILE_0}\"\n";
			showEnvVarsInLog = 0;
		};
		523B2FD3A32620F9EB5820FF /* [CP] Embed Pods Frameworks */ = {
			isa = PBXShellScriptBuildPhase;
			buildActionMask = 2147483647;
			files = (
			);
			inputFileListPaths = (
				"${PODS_ROOT}/Target Support Files/Pods-RxMVVMTodoList/Pods-RxMVVMTodoList-frameworks-${CONFIGURATION}-input-files.xcfilelist",
			);
			name = "[CP] Embed Pods Frameworks";
			outputFileListPaths = (
				"${PODS_ROOT}/Target Support Files/Pods-RxMVVMTodoList/Pods-RxMVVMTodoList-frameworks-${CONFIGURATION}-output-files.xcfilelist",
			);
			runOnlyForDeploymentPostprocessing = 0;
			shellPath = /bin/sh;
			shellScript = "\"${PODS_ROOT}/Target Support Files/Pods-RxMVVMTodoList/Pods-RxMVVMTodoList-frameworks.sh\"\n";
			showEnvVarsInLog = 0;
		};
/* End PBXShellScriptBuildPhase section */

/* Begin PBXSourcesBuildPhase section */
		3D79ADE726F7477A008F0CE0 /* Sources */ = {
			isa = PBXSourcesBuildPhase;
			buildActionMask = 2147483647;
			files = (
				3D76C95F26F7570D008F6E3B /* TodoListViewController.swift in Sources */,
				3D44BFB326FB7DB300D9D9CF /* UIComponents.swift in Sources */,
				3D44BFB526FB7E5900D9D9CF /* TodoDetailViewController.swift in Sources */,
				3D79ADF926F7477A008F0CE0 /* RxMVVMTodoList.xcdatamodeld in Sources */,
				3DB7C93A270436A5007CCAB8 /* Calendar.swift in Sources */,
				3DC7F6672705A06F0038F5A8 /* garbage.swift in Sources */,
				3D76C96526F759B4008F6E3B /* Alamofire+Rx.swift in Sources */,
				3DD5583C26FC3FC7000778D4 /* TestTableViewCell.swift in Sources */,
				3D9E103F2706EDB70091DFA3 /* RegisterTodoViewModel.swift in Sources */,
				3DB7C93E27045E71007CCAB8 /* CalendarViewController.swift in Sources */,
				3D44BFC126FC3B8200D9D9CF /* TestTableViewController.swift in Sources */,
				3D79ADEF26F7477A008F0CE0 /* AppDelegate.swift in Sources */,
				3D79ADF126F7477A008F0CE0 /* SceneDelegate.swift in Sources */,
				3DC7F663270593C10038F5A8 /* Date.swift in Sources */,
				3D76C95D26F756FD008F6E3B /* TodoViewModel.swift in Sources */,
				3D76C97026F75E67008F6E3B /* dependencyTest.swift in Sources */,
				3D76C96B26F75DEF008F6E3B /* NetworkCallTest.swift in Sources */,
				3D76C95B26F756DA008F6E3B /* Todo.swift in Sources */,
				3D76C96726F75A9B008F6E3B /* withoutRxVC.swift in Sources */,
				3D76C96126F75723008F6E3B /* TodoListHeaderView.swift in Sources */,
				3D4B685327099D5300D9BFDF /* CalendarViewModel.swift in Sources */,
				3D44BFB726FB7F3100D9D9CF /* TodoDetailViewModel.swift in Sources */,
				3D76C96926F75DC4008F6E3B /* ObservableTest.swift in Sources */,
				3D44BFB126FB4AE600D9D9CF /* TestViewModel.swift in Sources */,
				3D44BFB926FC0EFD00D9D9CF /* TestHeader.swift in Sources */,
				3D76C96D26F75E18008F6E3B /* ObservableViewModel.swift in Sources */,
				3DB7C9352704301D007CCAB8 /* RegisterTodoViewController.swift in Sources */,
				3D76C96326F7573D008F6E3B /* TodoListCell.swift in Sources */,
			);
			runOnlyForDeploymentPostprocessing = 0;
		};
/* End PBXSourcesBuildPhase section */

/* Begin PBXVariantGroup section */
		3D79ADF426F7477A008F0CE0 /* Main.storyboard */ = {
			isa = PBXVariantGroup;
			children = (
				3D79ADF526F7477A008F0CE0 /* Base */,
			);
			name = Main.storyboard;
			sourceTree = "<group>";
		};
		3D79ADFC26F7477B008F0CE0 /* LaunchScreen.storyboard */ = {
			isa = PBXVariantGroup;
			children = (
				3D79ADFD26F7477B008F0CE0 /* Base */,
			);
			name = LaunchScreen.storyboard;
			sourceTree = "<group>";
		};
/* End PBXVariantGroup section */

/* Begin XCBuildConfiguration section */
		3D79AE0026F7477B008F0CE0 /* Debug */ = {
			isa = XCBuildConfiguration;
			buildSettings = {
				ALWAYS_SEARCH_USER_PATHS = NO;
				CLANG_ANALYZER_NONNULL = YES;
				CLANG_ANALYZER_NUMBER_OBJECT_CONVERSION = YES_AGGRESSIVE;
				CLANG_CXX_LANGUAGE_STANDARD = "gnu++14";
				CLANG_CXX_LIBRARY = "libc++";
				CLANG_ENABLE_MODULES = YES;
				CLANG_ENABLE_OBJC_ARC = YES;
				CLANG_ENABLE_OBJC_WEAK = YES;
				CLANG_WARN_BLOCK_CAPTURE_AUTORELEASING = YES;
				CLANG_WARN_BOOL_CONVERSION = YES;
				CLANG_WARN_COMMA = YES;
				CLANG_WARN_CONSTANT_CONVERSION = YES;
				CLANG_WARN_DEPRECATED_OBJC_IMPLEMENTATIONS = YES;
				CLANG_WARN_DIRECT_OBJC_ISA_USAGE = YES_ERROR;
				CLANG_WARN_DOCUMENTATION_COMMENTS = YES;
				CLANG_WARN_EMPTY_BODY = YES;
				CLANG_WARN_ENUM_CONVERSION = YES;
				CLANG_WARN_INFINITE_RECURSION = YES;
				CLANG_WARN_INT_CONVERSION = YES;
				CLANG_WARN_NON_LITERAL_NULL_CONVERSION = YES;
				CLANG_WARN_OBJC_IMPLICIT_RETAIN_SELF = YES;
				CLANG_WARN_OBJC_LITERAL_CONVERSION = YES;
				CLANG_WARN_OBJC_ROOT_CLASS = YES_ERROR;
				CLANG_WARN_QUOTED_INCLUDE_IN_FRAMEWORK_HEADER = YES;
				CLANG_WARN_RANGE_LOOP_ANALYSIS = YES;
				CLANG_WARN_STRICT_PROTOTYPES = YES;
				CLANG_WARN_SUSPICIOUS_MOVE = YES;
				CLANG_WARN_UNGUARDED_AVAILABILITY = YES_AGGRESSIVE;
				CLANG_WARN_UNREACHABLE_CODE = YES;
				CLANG_WARN__DUPLICATE_METHOD_MATCH = YES;
				COPY_PHASE_STRIP = NO;
				DEBUG_INFORMATION_FORMAT = dwarf;
				ENABLE_STRICT_OBJC_MSGSEND = YES;
				ENABLE_TESTABILITY = YES;
				GCC_C_LANGUAGE_STANDARD = gnu11;
				GCC_DYNAMIC_NO_PIC = NO;
				GCC_NO_COMMON_BLOCKS = YES;
				GCC_OPTIMIZATION_LEVEL = 0;
				GCC_PREPROCESSOR_DEFINITIONS = (
					"DEBUG=1",
					"$(inherited)",
				);
				GCC_WARN_64_TO_32_BIT_CONVERSION = YES;
				GCC_WARN_ABOUT_RETURN_TYPE = YES_ERROR;
				GCC_WARN_UNDECLARED_SELECTOR = YES;
				GCC_WARN_UNINITIALIZED_AUTOS = YES_AGGRESSIVE;
				GCC_WARN_UNUSED_FUNCTION = YES;
				GCC_WARN_UNUSED_VARIABLE = YES;
				IPHONEOS_DEPLOYMENT_TARGET = 14.5;
				MTL_ENABLE_DEBUG_INFO = INCLUDE_SOURCE;
				MTL_FAST_MATH = YES;
				ONLY_ACTIVE_ARCH = YES;
				SDKROOT = iphoneos;
				SWIFT_ACTIVE_COMPILATION_CONDITIONS = DEBUG;
				SWIFT_OPTIMIZATION_LEVEL = "-Onone";
			};
			name = Debug;
		};
		3D79AE0126F7477B008F0CE0 /* Release */ = {
			isa = XCBuildConfiguration;
			buildSettings = {
				ALWAYS_SEARCH_USER_PATHS = NO;
				CLANG_ANALYZER_NONNULL = YES;
				CLANG_ANALYZER_NUMBER_OBJECT_CONVERSION = YES_AGGRESSIVE;
				CLANG_CXX_LANGUAGE_STANDARD = "gnu++14";
				CLANG_CXX_LIBRARY = "libc++";
				CLANG_ENABLE_MODULES = YES;
				CLANG_ENABLE_OBJC_ARC = YES;
				CLANG_ENABLE_OBJC_WEAK = YES;
				CLANG_WARN_BLOCK_CAPTURE_AUTORELEASING = YES;
				CLANG_WARN_BOOL_CONVERSION = YES;
				CLANG_WARN_COMMA = YES;
				CLANG_WARN_CONSTANT_CONVERSION = YES;
				CLANG_WARN_DEPRECATED_OBJC_IMPLEMENTATIONS = YES;
				CLANG_WARN_DIRECT_OBJC_ISA_USAGE = YES_ERROR;
				CLANG_WARN_DOCUMENTATION_COMMENTS = YES;
				CLANG_WARN_EMPTY_BODY = YES;
				CLANG_WARN_ENUM_CONVERSION = YES;
				CLANG_WARN_INFINITE_RECURSION = YES;
				CLANG_WARN_INT_CONVERSION = YES;
				CLANG_WARN_NON_LITERAL_NULL_CONVERSION = YES;
				CLANG_WARN_OBJC_IMPLICIT_RETAIN_SELF = YES;
				CLANG_WARN_OBJC_LITERAL_CONVERSION = YES;
				CLANG_WARN_OBJC_ROOT_CLASS = YES_ERROR;
				CLANG_WARN_QUOTED_INCLUDE_IN_FRAMEWORK_HEADER = YES;
				CLANG_WARN_RANGE_LOOP_ANALYSIS = YES;
				CLANG_WARN_STRICT_PROTOTYPES = YES;
				CLANG_WARN_SUSPICIOUS_MOVE = YES;
				CLANG_WARN_UNGUARDED_AVAILABILITY = YES_AGGRESSIVE;
				CLANG_WARN_UNREACHABLE_CODE = YES;
				CLANG_WARN__DUPLICATE_METHOD_MATCH = YES;
				COPY_PHASE_STRIP = NO;
				DEBUG_INFORMATION_FORMAT = "dwarf-with-dsym";
				ENABLE_NS_ASSERTIONS = NO;
				ENABLE_STRICT_OBJC_MSGSEND = YES;
				GCC_C_LANGUAGE_STANDARD = gnu11;
				GCC_NO_COMMON_BLOCKS = YES;
				GCC_WARN_64_TO_32_BIT_CONVERSION = YES;
				GCC_WARN_ABOUT_RETURN_TYPE = YES_ERROR;
				GCC_WARN_UNDECLARED_SELECTOR = YES;
				GCC_WARN_UNINITIALIZED_AUTOS = YES_AGGRESSIVE;
				GCC_WARN_UNUSED_FUNCTION = YES;
				GCC_WARN_UNUSED_VARIABLE = YES;
				IPHONEOS_DEPLOYMENT_TARGET = 14.5;
				MTL_ENABLE_DEBUG_INFO = NO;
				MTL_FAST_MATH = YES;
				SDKROOT = iphoneos;
				SWIFT_COMPILATION_MODE = wholemodule;
				SWIFT_OPTIMIZATION_LEVEL = "-O";
				VALIDATE_PRODUCT = YES;
			};
			name = Release;
		};
		3D79AE0326F7477B008F0CE0 /* Debug */ = {
			isa = XCBuildConfiguration;
			baseConfigurationReference = C2A21EB2BD5D645C9DD62BC9 /* Pods-RxMVVMTodoList.debug.xcconfig */;
			buildSettings = {
				ASSETCATALOG_COMPILER_APPICON_NAME = AppIcon;
				ASSETCATALOG_COMPILER_GLOBAL_ACCENT_COLOR_NAME = AccentColor;
				CODE_SIGN_STYLE = Automatic;
				DEVELOPMENT_TEAM = C88Z6A5WMW;
				INFOPLIST_FILE = RxMVVMTodoList/Info.plist;
				LD_RUNPATH_SEARCH_PATHS = (
					"$(inherited)",
					"@executable_path/Frameworks",
				);
				PRODUCT_BUNDLE_IDENTIFIER = com.yeongwooCho.RxMVVMTodoList;
				PRODUCT_NAME = "$(TARGET_NAME)";
				SWIFT_VERSION = 5.0;
				TARGETED_DEVICE_FAMILY = "1,2";
			};
			name = Debug;
		};
		3D79AE0426F7477B008F0CE0 /* Release */ = {
			isa = XCBuildConfiguration;
			baseConfigurationReference = 442BA42B5A2744F0AA3A4155 /* Pods-RxMVVMTodoList.release.xcconfig */;
			buildSettings = {
				ASSETCATALOG_COMPILER_APPICON_NAME = AppIcon;
				ASSETCATALOG_COMPILER_GLOBAL_ACCENT_COLOR_NAME = AccentColor;
				CODE_SIGN_STYLE = Automatic;
				DEVELOPMENT_TEAM = C88Z6A5WMW;
				INFOPLIST_FILE = RxMVVMTodoList/Info.plist;
				LD_RUNPATH_SEARCH_PATHS = (
					"$(inherited)",
					"@executable_path/Frameworks",
				);
				PRODUCT_BUNDLE_IDENTIFIER = com.yeongwooCho.RxMVVMTodoList;
				PRODUCT_NAME = "$(TARGET_NAME)";
				SWIFT_VERSION = 5.0;
				TARGETED_DEVICE_FAMILY = "1,2";
			};
			name = Release;
		};
/* End XCBuildConfiguration section */

/* Begin XCConfigurationList section */
		3D79ADE626F7477A008F0CE0 /* Build configuration list for PBXProject "RxMVVMTodoList" */ = {
			isa = XCConfigurationList;
			buildConfigurations = (
				3D79AE0026F7477B008F0CE0 /* Debug */,
				3D79AE0126F7477B008F0CE0 /* Release */,
			);
			defaultConfigurationIsVisible = 0;
			defaultConfigurationName = Release;
		};
		3D79AE0226F7477B008F0CE0 /* Build configuration list for PBXNativeTarget "RxMVVMTodoList" */ = {
			isa = XCConfigurationList;
			buildConfigurations = (
				3D79AE0326F7477B008F0CE0 /* Debug */,
				3D79AE0426F7477B008F0CE0 /* Release */,
			);
			defaultConfigurationIsVisible = 0;
			defaultConfigurationName = Release;
		};
/* End XCConfigurationList section */

/* Begin XCVersionGroup section */
		3D79ADF726F7477A008F0CE0 /* RxMVVMTodoList.xcdatamodeld */ = {
			isa = XCVersionGroup;
			children = (
				3D79ADF826F7477A008F0CE0 /* RxMVVMTodoList.xcdatamodel */,
			);
			currentVersion = 3D79ADF826F7477A008F0CE0 /* RxMVVMTodoList.xcdatamodel */;
			path = RxMVVMTodoList.xcdatamodeld;
			sourceTree = "<group>";
			versionGroupType = wrapper.xcdatamodel;
		};
/* End XCVersionGroup section */
	};
	rootObject = 3D79ADE326F7477A008F0CE0 /* Project object */;
}
